
Microsoft Visual Studio Solution File, Format Version 11.00
# Visual Studio 2010
Project("{FAE04EC0-301F-11D3-BF4B-00C04F79EFBC}") = "查看本机端口使用工具", "查看本机端口使用工具\查看本机端口使用工具.csproj", "{7C04271A-2FA4-48A8-AE1E-7E20318FD516}"
EndProject
Global
	GlobalSection(SolutionConfigurationPlatforms) = preSolution
		Debug|Any CPU = Debug|Any CPU
		Release|Any CPU = Release|Any CPU
	EndGlobalSection
	GlobalSection(ProjectConfigurationPlatforms) = postSolution
		{7C04271A-2FA4-48A8-AE1E-7E20318FD516}.Debug|Any CPU.ActiveCfg = Debug|Any CPU
		{7C04271A-2FA4-48A8-AE1E-7E20318FD516}.Debug|Any CPU.Build.0 = Debug|Any CPU
		{7C04271A-2FA4-48A8-AE1E-7E20318FD516}.Release|Any CPU.ActiveCfg = Release|Any CPU
		{7C04271A-2FA4-48A8-AE1E-7E20318FD516}.Release|Any CPU.Build.0 = Release|Any CPU
	EndGlobalSection
	GlobalSection(SolutionProperties) = preSolution
		HideSolutionNode = FALSE
	EndGlobalSection
EndGlobal
